
Microsoft Visual Studio Solution File, Format Version 12.00
Project("{FAE04EC0-301F-11D3-BF4B-00C04F79EFBC}") = "ACO", "ACO\ACO.csproj", "{92627E56-DA1F-4D21-8275-F01805A5BF2F}"
EndProject
Project("{FAE04EC0-301F-11D3-BF4B-00C04F79EFBC}") = "InsertGenerator", "InsertGenerator\InsertGenerator.csproj", "{FA24AC4C-5392-4544-BBDE-4DFE840B6B33}"
EndProject
Project("{FAE04EC0-301F-11D3-BF4B-00C04F79EFBC}") = "BoardGame", "BoardGame\BoardGame.csproj", "{C59BAC66-0B62-4445-AA3D-55B0CE631A15}"
EndProject
Project("{FAE04EC0-301F-11D3-BF4B-00C04F79EFBC}") = "Tests", "Tests\Tests.csproj", "{E3EF1AB0-3028-492C-859C-E4C17FB66B74}"
EndProject
Project("{FAE04EC0-301F-11D3-BF4B-00C04F79EFBC}") = "Genetic", "Genetic\Genetic.csproj", "{D76BDC85-139C-4924-905A-6BA043992DEC}"
EndProject
Global
	GlobalSection(SolutionConfigurationPlatforms) = preSolution
		Debug|Any CPU = Debug|Any CPU
		Release|Any CPU = Release|Any CPU
	EndGlobalSection
	GlobalSection(ProjectConfigurationPlatforms) = postSolution
		{92627E56-DA1F-4D21-8275-F01805A5BF2F}.Debug|Any CPU.ActiveCfg = Debug|Any CPU
		{92627E56-DA1F-4D21-8275-F01805A5BF2F}.Debug|Any CPU.Build.0 = Debug|Any CPU
		{92627E56-DA1F-4D21-8275-F01805A5BF2F}.Release|Any CPU.ActiveCfg = Release|Any CPU
		{92627E56-DA1F-4D21-8275-F01805A5BF2F}.Release|Any CPU.Build.0 = Release|Any CPU
		{FA24AC4C-5392-4544-BBDE-4DFE840B6B33}.Debug|Any CPU.ActiveCfg = Debug|Any CPU
		{FA24AC4C-5392-4544-BBDE-4DFE840B6B33}.Debug|Any CPU.Build.0 = Debug|Any CPU
		{FA24AC4C-5392-4544-BBDE-4DFE840B6B33}.Release|Any CPU.ActiveCfg = Release|Any CPU
		{FA24AC4C-5392-4544-BBDE-4DFE840B6B33}.Release|Any CPU.Build.0 = Release|Any CPU
		{C59BAC66-0B62-4445-AA3D-55B0CE631A15}.Debug|Any CPU.ActiveCfg = Debug|Any CPU
		{C59BAC66-0B62-4445-AA3D-55B0CE631A15}.Debug|Any CPU.Build.0 = Debug|Any CPU
		{C59BAC66-0B62-4445-AA3D-55B0CE631A15}.Release|Any CPU.ActiveCfg = Release|Any CPU
		{C59BAC66-0B62-4445-AA3D-55B0CE631A15}.Release|Any CPU.Build.0 = Release|Any CPU
		{E3EF1AB0-3028-492C-859C-E4C17FB66B74}.Debug|Any CPU.ActiveCfg = Debug|Any CPU
		{E3EF1AB0-3028-492C-859C-E4C17FB66B74}.Debug|Any CPU.Build.0 = Debug|Any CPU
		{E3EF1AB0-3028-492C-859C-E4C17FB66B74}.Release|Any CPU.ActiveCfg = Release|Any CPU
		{E3EF1AB0-3028-492C-859C-E4C17FB66B74}.Release|Any CPU.Build.0 = Release|Any CPU
		{D76BDC85-139C-4924-905A-6BA043992DEC}.Debug|Any CPU.ActiveCfg = Debug|Any CPU
		{D76BDC85-139C-4924-905A-6BA043992DEC}.Debug|Any CPU.Build.0 = Debug|Any CPU
		{D76BDC85-139C-4924-905A-6BA043992DEC}.Release|Any CPU.ActiveCfg = Release|Any CPU
		{D76BDC85-139C-4924-905A-6BA043992DEC}.Release|Any CPU.Build.0 = Release|Any CPU
	EndGlobalSection
EndGlobal
